<?xml version="1.0" encoding="utf-8"?>
<Project ToolsVersion="4.0" xmlns="http://schemas.microsoft.com/developer/msbuild/2003">
  <ItemGroup>
    <Filter Include="win32">
      <UniqueIdentifier>{84a8ebd7-7cf0-47f6-b75e-d441df67da40}</UniqueIdentifier>
    </Filter>
    <Filter Include="resource">
      <UniqueIdentifier>{715254bc-d70b-4ec5-bf29-467dd3ace079}</UniqueIdentifier>
    </Filter>
    <Filter Include="src">
      <UniqueIdentifier>{bb6c862e-70e9-49d9-81b7-3829a6f50471}</UniqueIdentifier>
    </Filter>
    <Filter Include="src\scene">
      <UniqueIdentifier>{4b9ca024-3567-4993-ae5c-0943ce546add}</UniqueIdentifier>
    </Filter>
    <Filter Include="src\app">
      <UniqueIdentifier>{cc206a39-32af-4b36-aca9-b0c77f4b1593}</UniqueIdentifier>
    </Filter>
    <Filter Include="src\common">
      <UniqueIdentifier>{471b8f82-78bd-4eab-86a3-d174d5d9ce30}</UniqueIdentifier>
    </Filter>
    <Filter Include="src\common\util">
      <UniqueIdentifier>{1e884eb9-1cb0-4198-9519-0f199dde1b16}</UniqueIdentifier>
    </Filter>
    <Filter Include="src\scene\gamescene">
      <UniqueIdentifier>{5542d8db-2e09-4a8a-9052-78c894359fc0}</UniqueIdentifier>
    </Filter>
    <Filter Include="src\scene\levelscene">
      <UniqueIdentifier>{d54273eb-111b-4ab0-a3e7-c87878c7e50a}</UniqueIdentifier>
    </Filter>
    <Filter Include="src\scene\loadingscene">
      <UniqueIdentifier>{232e4a08-7809-4d3d-86fa-11c5066c233d}</UniqueIdentifier>
    </Filter>
    <Filter Include="src\scene\common">
      <UniqueIdentifier>{91aa41b3-4c39-4b1b-be2f-ce475a31f517}</UniqueIdentifier>
    </Filter>
    <Filter Include="src\scene\menuscene">
      <UniqueIdentifier>{14c08abd-a932-4cea-91d9-f9c38c62e3f9}</UniqueIdentifier>
    </Filter>
    <Filter Include="src\scene\storescene">
      <UniqueIdentifier>{f386bce9-51ec-4d8c-98cc-52e2144ae392}</UniqueIdentifier>
    </Filter>
    <Filter Include="src\common\music">
      <UniqueIdentifier>{e0264607-4138-4fea-a797-407610bb3353}</UniqueIdentifier>
    </Filter>
    <Filter Include="src\common\user">
      <UniqueIdentifier>{02a398e0-ed26-47f0-9f1b-b08c0b1b9b08}</UniqueIdentifier>
    </Filter>
    <Filter Include="src\common\theme">
      <UniqueIdentifier>{a2f9f3aa-0e5e-4de7-b16a-cc6cbadedcc0}</UniqueIdentifier>
    </Filter>
    <Filter Include="src\common\network">
      <UniqueIdentifier>{2093bffc-0b0c-41b9-88b4-e43a3ef53892}</UniqueIdentifier>
    </Filter>
    <Filter Include="src\scene\common\settingbutton">
      <UniqueIdentifier>{f4da24b4-0da5-495b-9b0d-c2f0e2fe3523}</UniqueIdentifier>
    </Filter>
    <Filter Include="src\scene\common\Dialog">
      <UniqueIdentifier>{03ccb79e-d519-4ca3-97d5-99d6ada948d0}</UniqueIdentifier>
    </Filter>
    <Filter Include="src\scene\gamescene\board">
      <UniqueIdentifier>{fb609ad8-67dc-48e0-a7d9-da4ff7516a44}</UniqueIdentifier>
    </Filter>
    <Filter Include="src\scene\gamescene\gameboardinformation">
      <UniqueIdentifier>{b97c3389-4a67-4d33-9b5d-b5884d8e731b}</UniqueIdentifier>
    </Filter>
    <Filter Include="src\scene\common\gamescenecontroller">
      <UniqueIdentifier>{be510a06-cbad-4160-ba22-98cea6569e8b}</UniqueIdentifier>
    </Filter>
  </ItemGroup>
  <ItemGroup>
    <ClCompile Include="main.cpp">
      <Filter>win32</Filter>
    </ClCompile>
    <ClCompile Include="..\Classes\AppDelegate.cpp">
      <Filter>src\app</Filter>
    </ClCompile>
    <ClCompile Include="..\Classes\LoadingScene.cpp">
      <Filter>src\scene\loadingscene</Filter>
    </ClCompile>
    <ClCompile Include="..\Classes\MenuScene.cpp">
      <Filter>src\scene\menuscene</Filter>
    </ClCompile>
    <ClCompile Include="..\Classes\LevelScene.cpp">
      <Filter>src\scene\levelscene</Filter>
    </ClCompile>
    <ClCompile Include="..\Classes\GameScene.cpp">
      <Filter>src\scene\gamescene</Filter>
    </ClCompile>
    <ClCompile Include="..\Classes\StoreScene.cpp">
      <Filter>src\scene\storescene</Filter>
    </ClCompile>
    <ClCompile Include="..\Classes\Music.cpp">
      <Filter>src\common\music</Filter>
    </ClCompile>
    <ClCompile Include="..\Classes\NewsBoard.cpp">
      <Filter>src\scene\menuscene</Filter>
    </ClCompile>
    <ClCompile Include="..\Classes\Sound.cpp">
      <Filter>src\common\music</Filter>
    </ClCompile>
    <ClCompile Include="..\Classes\User.cpp">
      <Filter>src\common\user</Filter>
    </ClCompile>
    <ClCompile Include="..\Classes\Theme.cpp">
      <Filter>src\common\theme</Filter>
    </ClCompile>
    <ClCompile Include="..\Classes\Network.cpp">
      <Filter>src\common\network</Filter>
    </ClCompile>
    <ClCompile Include="..\Classes\Util.cpp">
      <Filter>src\common\util</Filter>
    </ClCompile>
    <ClCompile Include="..\Classes\Dialog.cpp">
      <Filter>src\scene\common\Dialog</Filter>
    </ClCompile>
    <ClCompile Include="..\Classes\SettingButton.cpp">
      <Filter>src\scene\common\settingbutton</Filter>
    </ClCompile>
    <ClCompile Include="..\Classes\GameSceneController.cpp">
      <Filter>src\scene\common\gamescenecontroller</Filter>
    </ClCompile>
    <ClCompile Include="..\Classes\NetworkShare.cpp">
      <Filter>src\common\network</Filter>
    </ClCompile>
    <ClCompile Include="..\Classes\GameBoard.cpp">
      <Filter>src\scene\gamescene\board</Filter>
    </ClCompile>
    <ClCompile Include="..\Classes\InformationBoard.cpp">
      <Filter>src\scene\gamescene\board</Filter>
    </ClCompile>
    <ClCompile Include="..\Classes\ResultBoard.cpp">
      <Filter>src\scene\gamescene\board</Filter>
    </ClCompile>
    <ClCompile Include="..\Classes\GameBoardInformation.cpp">
      <Filter>src\scene\gamescene\gameboardinformation</Filter>
    </ClCompile>
  </ItemGroup>
  <ItemGroup>
    <ClInclude Include="main.h">
      <Filter>win32</Filter>
    </ClInclude>
    <ClInclude Include="..\Classes\AppDelegate.h">
      <Filter>src\app</Filter>
    </ClInclude>
    <ClInclude Include="..\Classes\LoadingScene.h">
      <Filter>src\scene\loadingscene</Filter>
    </ClInclude>
    <ClInclude Include="..\Classes\MenuScene.h">
      <Filter>src\scene\menuscene</Filter>
    </ClInclude>
    <ClInclude Include="..\Classes\LevelScene.h">
      <Filter>src\scene\levelscene</Filter>
    </ClInclude>
    <ClInclude Include="..\Classes\GameScene.h">
      <Filter>src\scene\gamescene</Filter>
    </ClInclude>
    <ClInclude Include="..\Classes\StoreScene.h">
      <Filter>src\scene\storescene</Filter>
    </ClInclude>
    <ClInclude Include="..\Classes\Music.h">
      <Filter>src\common\music</Filter>
    </ClInclude>
    <ClInclude Include="..\Classes\NewsBoard.h">
      <Filter>src\scene\menuscene</Filter>
    </ClInclude>
    <ClInclude Include="..\Classes\Sound.h">
      <Filter>src\common\music</Filter>
    </ClInclude>
    <ClInclude Include="..\Classes\User.h">
      <Filter>src\common\user</Filter>
    </ClInclude>
    <ClInclude Include="..\Classes\Theme.h">
      <Filter>src\common\theme</Filter>
    </ClInclude>
    <ClInclude Include="..\Classes\Network.h">
      <Filter>src\common\network</Filter>
    </ClInclude>
    <ClInclude Include="..\Classes\Util.h">
      <Filter>src\common\util</Filter>
    </ClInclude>
    <ClInclude Include="..\Classes\Dialog.h">
      <Filter>src\scene\common\Dialog</Filter>
    </ClInclude>
    <ClInclude Include="..\Classes\SettingButton.h">
      <Filter>src\scene\common\settingbutton</Filter>
    </ClInclude>
    <ClInclude Include="..\Classes\GameSceneController.h">
      <Filter>src\scene\common\gamescenecontroller</Filter>
    </ClInclude>
    <ClInclude Include="..\Classes\NetworkShare.h">
      <Filter>src\common\network</Filter>
    </ClInclude>
    <ClInclude Include="..\Classes\GameBoardInformation.h">
      <Filter>src\scene\gamescene\gameboardinformation</Filter>
    </ClInclude>
  </ItemGroup>
  <ItemGroup>
    <ResourceCompile Include="game.rc">
      <Filter>resource</Filter>
    </ResourceCompile>
  </ItemGroup>
</Project>